
Microsoft Visual Studio Solution File, Format Version 12.00
# Visual Studio 2013
VisualStudioVersion = 12.0.30723.0
MinimumVisualStudioVersion = 10.0.40219.1
Project("{2150E333-8FDC-42A3-9474-1A3956D46DE8}") = "Demo 1 - Hello World", "Demo 1 - Hello World", "{FAC2DC17-5E7C-485E-B4E2-B54CB3295078}"
EndProject
Project("{FAE04EC0-301F-11D3-BF4B-00C04F79EFBC}") = "MyCamera", "MyCamera\MyCamera.csproj", "{77624920-EF12-4E8A-B8F4-9C02746DE986}"
EndProject
Project("{2150E333-8FDC-42A3-9474-1A3956D46DE8}") = "Demo 2 - Game", "Demo 2 - Game", "{08AFBC33-557E-4CD1-9B87-265754F07B6A}"
EndProject
Project("{FAE04EC0-301F-11D3-BF4B-00C04F79EFBC}") = "GameBoy", "GameBoy\GameBoy.csproj", "{95CF016C-4EB2-4716-8A6C-92D014C19A39}"
EndProject
Project("{2150E333-8FDC-42A3-9474-1A3956D46DE8}") = "Demo 3 - Lora Shell OE", "Demo 3 - Lora Shell OE", "{C948B80C-1EE8-4374-8953-ABC7137BFAC9}"
EndProject
Project("{FAE04EC0-301F-11D3-BF4B-00C04F79EFBC}") = "LoraSensorSender", "LoraSensorSender\LoraSensorSender.csproj", "{07F9E8FD-2068-46C6-85EB-6A322EE70A6A}"
EndProject
Project("{FAE04EC0-301F-11D3-BF4B-00C04F79EFBC}") = "LoraDataReceiver", "LoraDataReceiver\LoraDataReceiver.csproj", "{872177E1-2F8F-4217-A809-790FDC643CBF}"
EndProject
Project("{2150E333-8FDC-42A3-9474-1A3956D46DE8}") = "Demo 4 - Shell (BASIC, IFU, Breadboard, Wifi, Etc)", "Demo 4 - Shell (BASIC, IFU, Breadboard, Wifi, Etc)", "{E1200584-68CE-4D47-9FFF-5DD6C828DA6D}"
EndProject
Project("{FAE04EC0-301F-11D3-BF4B-00C04F79EFBC}") = "Gadgeteer.Shell", "Gadgeteer.Shell\Gadgeteer.Shell.csproj", "{F51102E6-0B58-4AC3-826D-C5BBAD48211A}"
EndProject
Project("{FAE04EC0-301F-11D3-BF4B-00C04F79EFBC}") = "NetMf.CommonExtensions", "NETMFEXT\NetMf.CommonExtensions\NetMf.CommonExtensions.csproj", "{58F72289-F396-4CCA-8120-B7179C05FF99}"
EndProject
Project("{2150E333-8FDC-42A3-9474-1A3956D46DE8}") = "Demo 5 - Raspi Gadgeteer", "Demo 5 - Raspi Gadgeteer", "{E9F908B6-E7A7-402D-876F-123C0D4DAD7A}"
EndProject
Project("{FAE04EC0-301F-11D3-BF4B-00C04F79EFBC}") = "Oximeter", "Oximeter\Oximeter.csproj", "{4DC1E74C-6F41-43DD-9C1C-3F9212B2D78A}"
EndProject
Project("{FAE04EC0-301F-11D3-BF4B-00C04F79EFBC}") = "MyFirstCamera", "MyFirstCamera\MyFirstCamera.csproj", "{83B37D1C-CF15-46F1-BD66-FFC23C4227FE}"
EndProject
Global
	GlobalSection(SolutionConfigurationPlatforms) = preSolution
		Debug|Any CPU = Debug|Any CPU
		Release|Any CPU = Release|Any CPU
	EndGlobalSection
	GlobalSection(ProjectConfigurationPlatforms) = postSolution
		{77624920-EF12-4E8A-B8F4-9C02746DE986}.Debug|Any CPU.ActiveCfg = Debug|Any CPU
		{77624920-EF12-4E8A-B8F4-9C02746DE986}.Debug|Any CPU.Build.0 = Debug|Any CPU
		{77624920-EF12-4E8A-B8F4-9C02746DE986}.Debug|Any CPU.Deploy.0 = Debug|Any CPU
		{77624920-EF12-4E8A-B8F4-9C02746DE986}.Release|Any CPU.ActiveCfg = Release|Any CPU
		{77624920-EF12-4E8A-B8F4-9C02746DE986}.Release|Any CPU.Build.0 = Release|Any CPU
		{77624920-EF12-4E8A-B8F4-9C02746DE986}.Release|Any CPU.Deploy.0 = Release|Any CPU
		{95CF016C-4EB2-4716-8A6C-92D014C19A39}.Debug|Any CPU.ActiveCfg = Debug|Any CPU
		{95CF016C-4EB2-4716-8A6C-92D014C19A39}.Debug|Any CPU.Build.0 = Debug|Any CPU
		{95CF016C-4EB2-4716-8A6C-92D014C19A39}.Debug|Any CPU.Deploy.0 = Debug|Any CPU
		{95CF016C-4EB2-4716-8A6C-92D014C19A39}.Release|Any CPU.ActiveCfg = Release|Any CPU
		{95CF016C-4EB2-4716-8A6C-92D014C19A39}.Release|Any CPU.Build.0 = Release|Any CPU
		{95CF016C-4EB2-4716-8A6C-92D014C19A39}.Release|Any CPU.Deploy.0 = Release|Any CPU
		{07F9E8FD-2068-46C6-85EB-6A322EE70A6A}.Debug|Any CPU.ActiveCfg = Debug|Any CPU
		{07F9E8FD-2068-46C6-85EB-6A322EE70A6A}.Debug|Any CPU.Build.0 = Debug|Any CPU
		{07F9E8FD-2068-46C6-85EB-6A322EE70A6A}.Debug|Any CPU.Deploy.0 = Debug|Any CPU
		{07F9E8FD-2068-46C6-85EB-6A322EE70A6A}.Release|Any CPU.ActiveCfg = Release|Any CPU
		{07F9E8FD-2068-46C6-85EB-6A322EE70A6A}.Release|Any CPU.Build.0 = Release|Any CPU
		{07F9E8FD-2068-46C6-85EB-6A322EE70A6A}.Release|Any CPU.Deploy.0 = Release|Any CPU
		{872177E1-2F8F-4217-A809-790FDC643CBF}.Debug|Any CPU.ActiveCfg = Debug|Any CPU
		{872177E1-2F8F-4217-A809-790FDC643CBF}.Debug|Any CPU.Build.0 = Debug|Any CPU
		{872177E1-2F8F-4217-A809-790FDC643CBF}.Debug|Any CPU.Deploy.0 = Debug|Any CPU
		{872177E1-2F8F-4217-A809-790FDC643CBF}.Release|Any CPU.ActiveCfg = Release|Any CPU
		{872177E1-2F8F-4217-A809-790FDC643CBF}.Release|Any CPU.Build.0 = Release|Any CPU
		{872177E1-2F8F-4217-A809-790FDC643CBF}.Release|Any CPU.Deploy.0 = Release|Any CPU
		{F51102E6-0B58-4AC3-826D-C5BBAD48211A}.Debug|Any CPU.ActiveCfg = Debug|Any CPU
		{F51102E6-0B58-4AC3-826D-C5BBAD48211A}.Debug|Any CPU.Build.0 = Debug|Any CPU
		{F51102E6-0B58-4AC3-826D-C5BBAD48211A}.Debug|Any CPU.Deploy.0 = Debug|Any CPU
		{F51102E6-0B58-4AC3-826D-C5BBAD48211A}.Release|Any CPU.ActiveCfg = Release|Any CPU
		{F51102E6-0B58-4AC3-826D-C5BBAD48211A}.Release|Any CPU.Build.0 = Release|Any CPU
		{F51102E6-0B58-4AC3-826D-C5BBAD48211A}.Release|Any CPU.Deploy.0 = Release|Any CPU
		{58F72289-F396-4CCA-8120-B7179C05FF99}.Debug|Any CPU.ActiveCfg = Debug|Any CPU
		{58F72289-F396-4CCA-8120-B7179C05FF99}.Debug|Any CPU.Build.0 = Debug|Any CPU
		{58F72289-F396-4CCA-8120-B7179C05FF99}.Release|Any CPU.ActiveCfg = Release|Any CPU
		{58F72289-F396-4CCA-8120-B7179C05FF99}.Release|Any CPU.Build.0 = Release|Any CPU
		{4DC1E74C-6F41-43DD-9C1C-3F9212B2D78A}.Debug|Any CPU.ActiveCfg = Debug|Any CPU
		{4DC1E74C-6F41-43DD-9C1C-3F9212B2D78A}.Debug|Any CPU.Build.0 = Debug|Any CPU
		{4DC1E74C-6F41-43DD-9C1C-3F9212B2D78A}.Debug|Any CPU.Deploy.0 = Debug|Any CPU
		{4DC1E74C-6F41-43DD-9C1C-3F9212B2D78A}.Release|Any CPU.ActiveCfg = Release|Any CPU
		{4DC1E74C-6F41-43DD-9C1C-3F9212B2D78A}.Release|Any CPU.Build.0 = Release|Any CPU
		{4DC1E74C-6F41-43DD-9C1C-3F9212B2D78A}.Release|Any CPU.Deploy.0 = Release|Any CPU
		{83B37D1C-CF15-46F1-BD66-FFC23C4227FE}.Debug|Any CPU.ActiveCfg = Debug|Any CPU
		{83B37D1C-CF15-46F1-BD66-FFC23C4227FE}.Debug|Any CPU.Build.0 = Debug|Any CPU
		{83B37D1C-CF15-46F1-BD66-FFC23C4227FE}.Debug|Any CPU.Deploy.0 = Debug|Any CPU
		{83B37D1C-CF15-46F1-BD66-FFC23C4227FE}.Release|Any CPU.ActiveCfg = Release|Any CPU
		{83B37D1C-CF15-46F1-BD66-FFC23C4227FE}.Release|Any CPU.Build.0 = Release|Any CPU
		{83B37D1C-CF15-46F1-BD66-FFC23C4227FE}.Release|Any CPU.Deploy.0 = Release|Any CPU
	EndGlobalSection
	GlobalSection(SolutionProperties) = preSolution
		HideSolutionNode = FALSE
	EndGlobalSection
	GlobalSection(NestedProjects) = preSolution
		{77624920-EF12-4E8A-B8F4-9C02746DE986} = {FAC2DC17-5E7C-485E-B4E2-B54CB3295078}
		{95CF016C-4EB2-4716-8A6C-92D014C19A39} = {08AFBC33-557E-4CD1-9B87-265754F07B6A}
		{07F9E8FD-2068-46C6-85EB-6A322EE70A6A} = {C948B80C-1EE8-4374-8953-ABC7137BFAC9}
		{872177E1-2F8F-4217-A809-790FDC643CBF} = {C948B80C-1EE8-4374-8953-ABC7137BFAC9}
		{F51102E6-0B58-4AC3-826D-C5BBAD48211A} = {E1200584-68CE-4D47-9FFF-5DD6C828DA6D}
		{58F72289-F396-4CCA-8120-B7179C05FF99} = {E1200584-68CE-4D47-9FFF-5DD6C828DA6D}
		{4DC1E74C-6F41-43DD-9C1C-3F9212B2D78A} = {E1200584-68CE-4D47-9FFF-5DD6C828DA6D}
		{83B37D1C-CF15-46F1-BD66-FFC23C4227FE} = {FAC2DC17-5E7C-485E-B4E2-B54CB3295078}
	EndGlobalSection
EndGlobal
